
Microsoft Visual Studio Solution File, Format Version 12.00
Project("{FAE04EC0-301F-11D3-BF4B-00C04F79EFBC}") = "quick_recipe", "quick_recipe.csproj", "{044777AE-39C0-415E-8766-21766D293836}"
EndProject
Global
	GlobalSection(SolutionConfigurationPlatforms) = preSolution
		Debug|Any CPU = Debug|Any CPU
		Release|Any CPU = Release|Any CPU
	EndGlobalSection
	GlobalSection(ProjectConfigurationPlatforms) = postSolution
		{044777AE-39C0-415E-8766-21766D293836}.Debug|Any CPU.ActiveCfg = Debug|Any CPU
		{044777AE-39C0-415E-8766-21766D293836}.Debug|Any CPU.Build.0 = Debug|Any CPU
		{044777AE-39C0-415E-8766-21766D293836}.Release|Any CPU.ActiveCfg = Release|Any CPU
		{044777AE-39C0-415E-8766-21766D293836}.Release|Any CPU.Build.0 = Release|Any CPU
	EndGlobalSection
EndGlobal
